// !$*UTF8*$!
{
	archiveVersion = 1;
	classes = {
	};
	objectVersion = 46;
	objects = {

/* Begin PBXBuildFile section */
		F093B1671F339B6C005F80CA /* AppDelegate.swift in Sources */ = {isa = PBXBuildFile; fileRef = F093B1661F339B6C005F80CA /* AppDelegate.swift */; };
		F093B1691F339B6C005F80CA /* ViewController.swift in Sources */ = {isa = PBXBuildFile; fileRef = F093B1681F339B6C005F80CA /* ViewController.swift */; };
		F093B16C1F339B6C005F80CA /* Main.storyboard in Resources */ = {isa = PBXBuildFile; fileRef = F093B16A1F339B6C005F80CA /* Main.storyboard */; };
		F093B16E1F339B6C005F80CA /* Assets.xcassets in Resources */ = {isa = PBXBuildFile; fileRef = F093B16D1F339B6C005F80CA /* Assets.xcassets */; };
		F093B1711F339B6C005F80CA /* LaunchScreen.storyboard in Resources */ = {isa = PBXBuildFile; fileRef = F093B16F1F339B6C005F80CA /* LaunchScreen.storyboard */; };
		F093B17C1F339B6C005F80CA /* DeetzAppTests.swift in Sources */ = {isa = PBXBuildFile; fileRef = F093B17B1F339B6C005F80CA /* DeetzAppTests.swift */; };
		F093B1871F339B6C005F80CA /* DeetzAppUITests.swift in Sources */ = {isa = PBXBuildFile; fileRef = F093B1861F339B6C005F80CA /* DeetzAppUITests.swift */; };
/* End PBXBuildFile section */

/* Begin PBXContainerItemProxy section */
		F093B1781F339B6C005F80CA /* PBXContainerItemProxy */ = {
			isa = PBXContainerItemProxy;
			containerPortal = F093B15B1F339B6C005F80CA /* Project object */;
			proxyType = 1;
			remoteGlobalIDString = F093B1621F339B6C005F80CA;
			remoteInfo = DeetzApp;
		};
		F093B1831F339B6C005F80CA /* PBXContainerItemProxy */ = {
			isa = PBXContainerItemProxy;
			containerPortal = F093B15B1F339B6C005F80CA /* Project object */;
			proxyType = 1;
			remoteGlobalIDString = F093B1621F339B6C005F80CA;
			remoteInfo = DeetzApp;
		};
/* End PBXContainerItemProxy section */

/* Begin PBXFileReference section */
		F093B1631F339B6C005F80CA /* DeetzApp.app */ = {isa = PBXFileReference; explicitFileType = wrapper.application; includeInIndex = 0; path = DeetzApp.app; sourceTree = BUILT_PRODUCTS_DIR; };
		F093B1661F339B6C005F80CA /* AppDelegate.swift */ = {isa = PBXFileReference; lastKnownFileType = sourcecode.swift; path = AppDelegate.swift; sourceTree = "<group>"; };
		F093B1681F339B6C005F80CA /* ViewController.swift */ = {isa = PBXFileReference; lastKnownFileType = sourcecode.swift; path = ViewController.swift; sourceTree = "<group>"; };
		F093B16B1F339B6C005F80CA /* Base */ = {isa = PBXFileReference; lastKnownFileType = file.storyboard; name = Base; path = Base.lproj/Main.storyboard; sourceTree = "<group>"; };
		F093B16D1F339B6C005F80CA /* Assets.xcassets */ = {isa = PBXFileReference; lastKnownFileType = folder.assetcatalog; path = Assets.xcassets; sourceTree = "<group>"; };
		F093B1701F339B6C005F80CA /* Base */ = {isa = PBXFileReference; lastKnownFileType = file.storyboard; name = Base; path = Base.lproj/LaunchScreen.storyboard; sourceTree = "<group>"; };
		F093B1721F339B6C005F80CA /* Info.plist */ = {isa = PBXFileReference; lastKnownFileType = text.plist.xml; path = Info.plist; sourceTree = "<group>"; };
		F093B1771F339B6C005F80CA /* DeetzAppTests.xctest */ = {isa = PBXFileReference; explicitFileType = wrapper.cfbundle; includeInIndex = 0; path = DeetzAppTests.xctest; sourceTree = BUILT_PRODUCTS_DIR; };
		F093B17B1F339B6C005F80CA /* DeetzAppTests.swift */ = {isa = PBXFileReference; lastKnownFileType = sourcecode.swift; path = DeetzAppTests.swift; sourceTree = "<group>"; };
		F093B17D1F339B6C005F80CA /* Info.plist */ = {isa = PBXFileReference; lastKnownFileType = text.plist.xml; path = Info.plist; sourceTree = "<group>"; };
		F093B1821F339B6C005F80CA /* DeetzAppUITests.xctest */ = {isa = PBXFileReference; explicitFileType = wrapper.cfbundle; includeInIndex = 0; path = DeetzAppUITests.xctest; sourceTree = BUILT_PRODUCTS_DIR; };
		F093B1861F339B6C005F80CA /* DeetzAppUITests.swift */ = {isa = PBXFileReference; lastKnownFileType = sourcecode.swift; path = DeetzAppUITests.swift; sourceTree = "<group>"; };
		F093B1881F339B6C005F80CA /* Info.plist */ = {isa = PBXFileReference; lastKnownFileType = text.plist.xml; path = Info.plist; sourceTree = "<group>"; };
/* End PBXFileReference section */

/* Begin PBXFrameworksBuildPhase section */
		F093B1601F339B6C005F80CA /* Frameworks */ = {
			isa = PBXFrameworksBuildPhase;
			buildActionMask = 2147483647;
			files = (
			);
			runOnlyForDeploymentPostprocessing = 0;
		};
		F093B1741F339B6C005F80CA /* Frameworks */ = {
			isa = PBXFrameworksBuildPhase;
			buildActionMask = 2147483647;
			files = (
			);
			runOnlyForDeploymentPostprocessing = 0;
		};
		F093B17F1F339B6C005F80CA /* Frameworks */ = {
			isa = PBXFrameworksBuildPhase;
			buildActionMask = 2147483647;
			files = (
			);
			runOnlyForDeploymentPostprocessing = 0;
		};
/* End PBXFrameworksBuildPhase section */

/* Begin PBXGroup section */
		F093B15A1F339B6C005F80CA = {
			isa = PBXGroup;
			children = (
				F093B1651F339B6C005F80CA /* DeetzApp */,
				F093B17A1F339B6C005F80CA /* DeetzAppTests */,
				F093B1851F339B6C005F80CA /* DeetzAppUITests */,
				F093B1641F339B6C005F80CA /* Products */,
			);
			sourceTree = "<group>";
		};
		F093B1641F339B6C005F80CA /* Products */ = {
			isa = PBXGroup;
			children = (
				F093B1631F339B6C005F80CA /* DeetzApp.app */,
				F093B1771F339B6C005F80CA /* DeetzAppTests.xctest */,
				F093B1821F339B6C005F80CA /* DeetzAppUITests.xctest */,
			);
			name = Products;
			sourceTree = "<group>";
		};
		F093B1651F339B6C005F80CA /* DeetzApp */ = {
			isa = PBXGroup;
			children = (
				F093B1661F339B6C005F80CA /* AppDelegate.swift */,
				F093B1681F339B6C005F80CA /* ViewController.swift */,
				F093B16A1F339B6C005F80CA /* Main.storyboard */,
				F093B16D1F339B6C005F80CA /* Assets.xcassets */,
				F093B16F1F339B6C005F80CA /* LaunchScreen.storyboard */,
				F093B1721F339B6C005F80CA /* Info.plist */,
			);
			path = DeetzApp;
			sourceTree = "<group>";
		};
		F093B17A1F339B6C005F80CA /* DeetzAppTests */ = {
			isa = PBXGroup;
			children = (
				F093B17B1F339B6C005F80CA /* DeetzAppTests.swift */,
				F093B17D1F339B6C005F80CA /* Info.plist */,
			);
			path = DeetzAppTests;
			sourceTree = "<group>";
		};
		F093B1851F339B6C005F80CA /* DeetzAppUITests */ = {
			isa = PBXGroup;
			children = (
				F093B1861F339B6C005F80CA /* DeetzAppUITests.swift */,
				F093B1881F339B6C005F80CA /* Info.plist */,
			);
			path = DeetzAppUITests;
			sourceTree = "<group>";
		};
/* End PBXGroup section */

/* Begin PBXNativeTarget section */
		F093B1621F339B6C005F80CA /* DeetzApp */ = {
			isa = PBXNativeTarget;
			buildConfigurationList = F093B18B1F339B6C005F80CA /* Build configuration list for PBXNativeTarget "DeetzApp" */;
			buildPhases = (
				F093B15F1F339B6C005F80CA /* Sources */,
				F093B1601F339B6C005F80CA /* Frameworks */,
				F093B1611F339B6C005F80CA /* Resources */,
			);
			buildRules = (
			);
			dependencies = (
			);
			name = DeetzApp;
			productName = DeetzApp;
			productReference = F093B1631F339B6C005F80CA /* DeetzApp.app */;
			productType = "com.apple.product-type.application";
		};
		F093B1761F339B6C005F80CA /* DeetzAppTests */ = {
			isa = PBXNativeTarget;
			buildConfigurationList = F093B18E1F339B6C005F80CA /* Build configuration list for PBXNativeTarget "DeetzAppTests" */;
			buildPhases = (
				F093B1731F339B6C005F80CA /* Sources */,
				F093B1741F339B6C005F80CA /* Frameworks */,
				F093B1751F339B6C005F80CA /* Resources */,
			);
			buildRules = (
			);
			dependencies = (
				F093B1791F339B6C005F80CA /* PBXTargetDependency */,
			);
			name = DeetzAppTests;
			productName = DeetzAppTests;
			productReference = F093B1771F339B6C005F80CA /* DeetzAppTests.xctest */;
			productType = "com.apple.product-type.bundle.unit-test";
		};
		F093B1811F339B6C005F80CA /* DeetzAppUITests */ = {
			isa = PBXNativeTarget;
			buildConfigurationList = F093B1911F339B6C005F80CA /* Build configuration list for PBXNativeTarget "DeetzAppUITests" */;
			buildPhases = (
				F093B17E1F339B6C005F80CA /* Sources */,
				F093B17F1F339B6C005F80CA /* Frameworks */,
				F093B1801F339B6C005F80CA /* Resources */,
			);
			buildRules = (
			);
			dependencies = (
				F093B1841F339B6C005F80CA /* PBXTargetDependency */,
			);
			name = DeetzAppUITests;
			productName = DeetzAppUITests;
			productReference = F093B1821F339B6C005F80CA /* DeetzAppUITests.xctest */;
			productType = "com.apple.product-type.bundle.ui-testing";
		};
/* End PBXNativeTarget section */

/* Begin PBXProject section */
		F093B15B1F339B6C005F80CA /* Project object */ = {
			isa = PBXProject;
			attributes = {
				LastSwiftUpdateCheck = 0830;
				LastUpgradeCheck = 0830;
				ORGANIZATIONNAME = Deetz;
				TargetAttributes = {
					F093B1621F339B6C005F80CA = {
						CreatedOnToolsVersion = 8.3.3;
						DevelopmentTeam = 5HZ9B25NN8;
						ProvisioningStyle = Automatic;
					};
					F093B1761F339B6C005F80CA = {
						CreatedOnToolsVersion = 8.3.3;
						DevelopmentTeam = 5HZ9B25NN8;
						ProvisioningStyle = Automatic;
						TestTargetID = F093B1621F339B6C005F80CA;
					};
					F093B1811F339B6C005F80CA = {
						CreatedOnToolsVersion = 8.3.3;
						DevelopmentTeam = 5HZ9B25NN8;
						ProvisioningStyle = Automatic;
						TestTargetID = F093B1621F339B6C005F80CA;
					};
				};
			};
			buildConfigurationList = F093B15E1F339B6C005F80CA /* Build configuration list for PBXProject "DeetzApp" */;
			compatibilityVersion = "Xcode 3.2";
			developmentRegion = English;
			hasScannedForEncodings = 0;
			knownRegions = (
				en,
				Base,
			);
			mainGroup = F093B15A1F339B6C005F80CA;
			productRefGroup = F093B1641F339B6C005F80CA /* Products */;
			projectDirPath = "";
			projectRoot = "";
			targets = (
				F093B1621F339B6C005F80CA /* DeetzApp */,
				F093B1761F339B6C005F80CA /* DeetzAppTests */,
				F093B1811F339B6C005F80CA /* DeetzAppUITests */,
			);
		};
/* End PBXProject section */

/* Begin PBXResourcesBuildPhase section */
		F093B1611F339B6C005F80CA /* Resources */ = {
			isa = PBXResourcesBuildPhase;
			buildActionMask = 2147483647;
			files = (
				F093B1711F339B6C005F80CA /* LaunchScreen.storyboard in Resources */,
				F093B16E1F339B6C005F80CA /* Assets.xcassets in Resources */,
				F093B16C1F339B6C005F80CA /* Main.storyboard in Resources */,
			);
			runOnlyForDeploymentPostprocessing = 0;
		};
		F093B1751F339B6C005F80CA /* Resources */ = {
			isa = PBXResourcesBuildPhase;
			buildActionMask = 2147483647;
			files = (
			);
			runOnlyForDeploymentPostprocessing = 0;
		};
		F093B1801F339B6C005F80CA /* Resources */ = {
			isa = PBXResourcesBuildPhase;
			buildActionMask = 2147483647;
			files = (
			);
			runOnlyForDeploymentPostprocessing = 0;
		};
/* End PBXResourcesBuildPhase section */

/* Begin PBXSourcesBuildPhase section */
		F093B15F1F339B6C005F80CA /* Sources */ = {
			isa = PBXSourcesBuildPhase;
			buildActionMask = 2147483647;
			files = (
				F093B1691F339B6C005F80CA /* ViewController.swift in Sources */,
				F093B1671F339B6C005F80CA /* AppDelegate.swift in Sources */,
			);
			runOnlyForDeploymentPostprocessing = 0;
		};
		F093B1731F339B6C005F80CA /* Sources */ = {
			isa = PBXSourcesBuildPhase;
			buildActionMask = 2147483647;
			files = (
				F093B17C1F339B6C005F80CA /* DeetzAppTests.swift in Sources */,
			);
			runOnlyForDeploymentPostprocessing = 0;
		};
		F093B17E1F339B6C005F80CA /* Sources */ = {
			isa = PBXSourcesBuildPhase;
			buildActionMask = 2147483647;
			files = (
				F093B1871F339B6C005F80CA /* DeetzAppUITests.swift in Sources */,
			);
			runOnlyForDeploymentPostprocessing = 0;
		};
/* End PBXSourcesBuildPhase section */

/* Begin PBXTargetDependency section */
		F093B1791F339B6C005F80CA /* PBXTargetDependency */ = {
			isa = PBXTargetDependency;
			target = F093B1621F339B6C005F80CA /* DeetzApp */;
			targetProxy = F093B1781F339B6C005F80CA /* PBXContainerItemProxy */;
		};
		F093B1841F339B6C005F80CA /* PBXTargetDependency */ = {
			isa = PBXTargetDependency;
			target = F093B1621F339B6C005F80CA /* DeetzApp */;
			targetProxy = F093B1831F339B6C005F80CA /* PBXContainerItemProxy */;
		};
/* End PBXTargetDependency section */

/* Begin PBXVariantGroup section */
		F093B16A1F339B6C005F80CA /* Main.storyboard */ = {
			isa = PBXVariantGroup;
			children = (
				F093B16B1F339B6C005F80CA /* Base */,
			);
			name = Main.storyboard;
			sourceTree = "<group>";
		};
		F093B16F1F339B6C005F80CA /* LaunchScreen.storyboard */ = {
			isa = PBXVariantGroup;
			children = (
				F093B1701F339B6C005F80CA /* Base */,
			);
			name = LaunchScreen.storyboard;
			sourceTree = "<group>";
		};
/* End PBXVariantGroup section */

/* Begin XCBuildConfiguration section */
		F093B1891F339B6C005F80CA /* Debug */ = {
			isa = XCBuildConfiguration;
			buildSettings = {
				ALWAYS_SEARCH_USER_PATHS = NO;
				CLANG_ANALYZER_NONNULL = YES;
				CLANG_ANALYZER_NUMBER_OBJECT_CONVERSION = YES_AGGRESSIVE;
				CLANG_CXX_LANGUAGE_STANDARD = "gnu++0x";
				CLANG_CXX_LIBRARY = "libc++";
				CLANG_ENABLE_MODULES = YES;
				CLANG_ENABLE_OBJC_ARC = YES;
				CLANG_WARN_BOOL_CONVERSION = YES;
				CLANG_WARN_CONSTANT_CONVERSION = YES;
				CLANG_WARN_DIRECT_OBJC_ISA_USAGE = YES_ERROR;
				CLANG_WARN_DOCUMENTATION_COMMENTS = YES;
				CLANG_WARN_EMPTY_BODY = YES;
				CLANG_WARN_ENUM_CONVERSION = YES;
				CLANG_WARN_INFINITE_RECURSION = YES;
				CLANG_WARN_INT_CONVERSION = YES;
				CLANG_WARN_OBJC_ROOT_CLASS = YES_ERROR;
				CLANG_WARN_SUSPICIOUS_MOVE = YES;
				CLANG_WARN_UNREACHABLE_CODE = YES;
				CLANG_WARN__DUPLICATE_METHOD_MATCH = YES;
				"CODE_SIGN_IDENTITY[sdk=iphoneos*]" = "iPhone Developer";
				COPY_PHASE_STRIP = NO;
				DEBUG_INFORMATION_FORMAT = dwarf;
				ENABLE_STRICT_OBJC_MSGSEND = YES;
				ENABLE_TESTABILITY = YES;
				GCC_C_LANGUAGE_STANDARD = gnu99;
				GCC_DYNAMIC_NO_PIC = NO;
				GCC_NO_COMMON_BLOCKS = YES;
				GCC_OPTIMIZATION_LEVEL = 0;
				GCC_PREPROCESSOR_DEFINITIONS = (
					"DEBUG=1",
					"$(inherited)",
				);
				GCC_WARN_64_TO_32_BIT_CONVERSION = YES;
				GCC_WARN_ABOUT_RETURN_TYPE = YES_ERROR;
				GCC_WARN_UNDECLARED_SELECTOR = YES;
				GCC_WARN_UNINITIALIZED_AUTOS = YES_AGGRESSIVE;
				GCC_WARN_UNUSED_FUNCTION = YES;
				GCC_WARN_UNUSED_VARIABLE = YES;
				IPHONEOS_DEPLOYMENT_TARGET = 10.3;
				MTL_ENABLE_DEBUG_INFO = YES;
				ONLY_ACTIVE_ARCH = YES;
				SDKROOT = iphoneos;
				SWIFT_ACTIVE_COMPILATION_CONDITIONS = DEBUG;
				SWIFT_OPTIMIZATION_LEVEL = "-Onone";
				TARGETED_DEVICE_FAMILY = "1,2";
			};
			name = Debug;
		};
		F093B18A1F339B6C005F80CA /* Release */ = {
			isa = XCBuildConfiguration;
			buildSettings = {
				ALWAYS_SEARCH_USER_PATHS = NO;
				CLANG_ANALYZER_NONNULL = YES;
				CLANG_ANALYZER_NUMBER_OBJECT_CONVERSION = YES_AGGRESSIVE;
				CLANG_CXX_LANGUAGE_STANDARD = "gnu++0x";
				CLANG_CXX_LIBRARY = "libc++";
				CLANG_ENABLE_MODULES = YES;
				CLANG_ENABLE_OBJC_ARC = YES;
				CLANG_WARN_BOOL_CONVERSION = YES;
				CLANG_WARN_CONSTANT_CONVERSION = YES;
				CLANG_WARN_DIRECT_OBJC_ISA_USAGE = YES_ERROR;
				CLANG_WARN_DOCUMENTATION_COMMENTS = YES;
				CLANG_WARN_EMPTY_BODY = YES;
				CLANG_WARN_ENUM_CONVERSION = YES;
				CLANG_WARN_INFINITE_RECURSION = YES;
				CLANG_WARN_INT_CONVERSION = YES;
				CLANG_WARN_OBJC_ROOT_CLASS = YES_ERROR;
				CLANG_WARN_SUSPICIOUS_MOVE = YES;
				CLANG_WARN_UNREACHABLE_CODE = YES;
				CLANG_WARN__DUPLICATE_METHOD_MATCH = YES;
				"CODE_SIGN_IDENTITY[sdk=iphoneos*]" = "iPhone Developer";
				COPY_PHASE_STRIP = NO;
				DEBUG_INFORMATION_FORMAT = "dwarf-with-dsym";
				ENABLE_NS_ASSERTIONS = NO;
				ENABLE_STRICT_OBJC_MSGSEND = YES;
				GCC_C_LANGUAGE_STANDARD = gnu99;
				GCC_NO_COMMON_BLOCKS = YES;
				GCC_WARN_64_TO_32_BIT_CONVERSION = YES;
				GCC_WARN_ABOUT_RETURN_TYPE = YES_ERROR;
				GCC_WARN_UNDECLARED_SELECTOR = YES;
				GCC_WARN_UNINITIALIZED_AUTOS = YES_AGGRESSIVE;
				GCC_WARN_UNUSED_FUNCTION = YES;
				GCC_WARN_UNUSED_VARIABLE = YES;
				IPHONEOS_DEPLOYMENT_TARGET = 10.3;
				MTL_ENABLE_DEBUG_INFO = NO;
				SDKROOT = iphoneos;
				SWIFT_OPTIMIZATION_LEVEL = "-Owholemodule";
				TARGETED_DEVICE_FAMILY = "1,2";
				VALIDATE_PRODUCT = YES;
			};
			name = Release;
		};
		F093B18C1F339B6C005F80CA /* Debug */ = {
			isa = XCBuildConfiguration;
			buildSettings = {
				ASSETCATALOG_COMPILER_APPICON_NAME = AppIcon;
				DEVELOPMENT_TEAM = 5HZ9B25NN8;
				INFOPLIST_FILE = DeetzApp/Info.plist;
				LD_RUNPATH_SEARCH_PATHS = "$(inherited) @executable_path/Frameworks";
				PRODUCT_BUNDLE_IDENTIFIER = com.Deetz.DeetzApp;
				PRODUCT_NAME = "$(TARGET_NAME)";
				SWIFT_VERSION = 3.0;
			};
			name = Debug;
		};
		F093B18D1F339B6C005F80CA /* Release */ = {
			isa = XCBuildConfiguration;
			buildSettings = {
				ASSETCATALOG_COMPILER_APPICON_NAME = AppIcon;
				DEVELOPMENT_TEAM = 5HZ9B25NN8;
				INFOPLIST_FILE = DeetzApp/Info.plist;
				LD_RUNPATH_SEARCH_PATHS = "$(inherited) @executable_path/Frameworks";
				PRODUCT_BUNDLE_IDENTIFIER = com.Deetz.DeetzApp;
				PRODUCT_NAME = "$(TARGET_NAME)";
				SWIFT_VERSION = 3.0;
			};
			name = Release;
		};
		F093B18F1F339B6C005F80CA /* Debug */ = {
			isa = XCBuildConfiguration;
			buildSettings = {
				ALWAYS_EMBED_SWIFT_STANDARD_LIBRARIES = YES;
				BUNDLE_LOADER = "$(TEST_HOST)";
				DEVELOPMENT_TEAM = 5HZ9B25NN8;
				INFOPLIST_FILE = DeetzAppTests/Info.plist;
				LD_RUNPATH_SEARCH_PATHS = "$(inherited) @executable_path/Frameworks @loader_path/Frameworks";
				PRODUCT_BUNDLE_IDENTIFIER = com.Deetz.DeetzAppTests;
				PRODUCT_NAME = "$(TARGET_NAME)";
				SWIFT_VERSION = 3.0;
				TEST_HOST = "$(BUILT_PRODUCTS_DIR)/DeetzApp.app/DeetzApp";
			};
			name = Debug;
		};
		F093B1901F339B6C005F80CA /* Release */ = {
			isa = XCBuildConfiguration;
			buildSettings = {
				ALWAYS_EMBED_SWIFT_STANDARD_LIBRARIES = YES;
				BUNDLE_LOADER = "$(TEST_HOST)";
				DEVELOPMENT_TEAM = 5HZ9B25NN8;
				INFOPLIST_FILE = DeetzAppTests/Info.plist;
				LD_RUNPATH_SEARCH_PATHS = "$(inherited) @executable_path/Frameworks @loader_path/Frameworks";
				PRODUCT_BUNDLE_IDENTIFIER = com.Deetz.DeetzAppTests;
				PRODUCT_NAME = "$(TARGET_NAME)";
				SWIFT_VERSION = 3.0;
				TEST_HOST = "$(BUILT_PRODUCTS_DIR)/DeetzApp.app/DeetzApp";
			};
			name = Release;
		};
		F093B1921F339B6C005F80CA /* Debug */ = {
			isa = XCBuildConfiguration;
			buildSettings = {
				ALWAYS_EMBED_SWIFT_STANDARD_LIBRARIES = YES;
				DEVELOPMENT_TEAM = 5HZ9B25NN8;
				INFOPLIST_FILE = DeetzAppUITests/Info.plist;
				LD_RUNPATH_SEARCH_PATHS = "$(inherited) @executable_path/Frameworks @loader_path/Frameworks";
				PRODUCT_BUNDLE_IDENTIFIER = com.Deetz.DeetzAppUITests;
				PRODUCT_NAME = "$(TARGET_NAME)";
				SWIFT_VERSION = 3.0;
				TEST_TARGET_NAME = DeetzApp;
			};
			name = Debug;
		};
		F093B1931F339B6C005F80CA /* Release */ = {
			isa = XCBuildConfiguration;
			buildSettings = {
				ALWAYS_EMBED_SWIFT_STANDARD_LIBRARIES = YES;
				DEVELOPMENT_TEAM = 5HZ9B25NN8;
				INFOPLIST_FILE = DeetzAppUITests/Info.plist;
				LD_RUNPATH_SEARCH_PATHS = "$(inherited) @executable_path/Frameworks @loader_path/Frameworks";
				PRODUCT_BUNDLE_IDENTIFIER = com.Deetz.DeetzAppUITests;
				PRODUCT_NAME = "$(TARGET_NAME)";
				SWIFT_VERSION = 3.0;
				TEST_TARGET_NAME = DeetzApp;
			};
			name = Release;
		};
/* End XCBuildConfiguration section */

/* Begin XCConfigurationList section */
		F093B15E1F339B6C005F80CA /* Build configuration list for PBXProject "DeetzApp" */ = {
			isa = XCConfigurationList;
			buildConfigurations = (
				F093B1891F339B6C005F80CA /* Debug */,
				F093B18A1F339B6C005F80CA /* Release */,
			);
			defaultConfigurationIsVisible = 0;
			defaultConfigurationName = Release;
		};
		F093B18B1F339B6C005F80CA /* Build configuration list for PBXNativeTarget "DeetzApp" */ = {
			isa = XCConfigurationList;
			buildConfigurations = (
				F093B18C1F339B6C005F80CA /* Debug */,
				F093B18D1F339B6C005F80CA /* Release */,
			);
			defaultConfigurationIsVisible = 0;
		};
		F093B18E1F339B6C005F80CA /* Build configuration list for PBXNativeTarget "DeetzAppTests" */ = {
			isa = XCConfigurationList;
			buildConfigurations = (
				F093B18F1F339B6C005F80CA /* Debug */,
				F093B1901F339B6C005F80CA /* Release */,
			);
			defaultConfigurationIsVisible = 0;
		};
		F093B1911F339B6C005F80CA /* Build configuration list for PBXNativeTarget "DeetzAppUITests" */ = {
			isa = XCConfigurationList;
			buildConfigurations = (
				F093B1921F339B6C005F80CA /* Debug */,
				F093B1931F339B6C005F80CA /* Release */,
			);
			defaultConfigurationIsVisible = 0;
		};
/* End XCConfigurationList section */
	};
	rootObject = F093B15B1F339B6C005F80CA /* Project object */;
}
